// !$*UTF8*$!
{
	archiveVersion = 1;
	classes = {
	};
	objectVersion = 56;
	objects = {

/* Begin PBXBuildFile section */
		246350832C512566006221FC /* AppDelegate.swift in Sources */ = {isa = PBXBuildFile; fileRef = 246350822C512566006221FC /* AppDelegate.swift */; };
		246350852C51272B006221FC /* Card.swift in Sources */ = {isa = PBXBuildFile; fileRef = 246350842C51272B006221FC /* Card.swift */; };
		24BF32362C491E86003D90D2 /* AppDelegate.swift in Sources */ = {isa = PBXBuildFile; fileRef = 24BF32352C491E86003D90D2 /* AppDelegate.swift */; };
		24BF32382C491E86003D90D2 /* SceneDelegate.swift in Sources */ = {isa = PBXBuildFile; fileRef = 24BF32372C491E86003D90D2 /* SceneDelegate.swift */; };
		24BF323D2C491E86003D90D2 /* Base in Resources */ = {isa = PBXBuildFile; fileRef = 24BF323C2C491E86003D90D2 /* Base */; };
		24BF323F2C491E86003D90D2 /* Assets.xcassets in Resources */ = {isa = PBXBuildFile; fileRef = 24BF323E2C491E86003D90D2 /* Assets.xcassets */; };
		24BF32422C491E86003D90D2 /* Base in Resources */ = {isa = PBXBuildFile; fileRef = 24BF32412C491E86003D90D2 /* Base */; };
		24BF32682C491EF1003D90D2 /* CardSelectionVC.swift in Sources */ = {isa = PBXBuildFile; fileRef = 24BF32672C491EF1003D90D2 /* CardSelectionVC.swift */; };
/* End PBXBuildFile section */

/* Begin PBXContainerItemProxy section */
		24BF32492C491E87003D90D2 /* PBXContainerItemProxy */ = {
			isa = PBXContainerItemProxy;
			containerPortal = 24BF322A2C491E86003D90D2 /* Project object */;
			proxyType = 1;
			remoteGlobalIDString = 24BF32312C491E86003D90D2;
			remoteInfo = KeshavCard;
		};
		24BF32532C491E87003D90D2 /* PBXContainerItemProxy */ = {
			isa = PBXContainerItemProxy;
			containerPortal = 24BF322A2C491E86003D90D2 /* Project object */;
			proxyType = 1;
			remoteGlobalIDString = 24BF32312C491E86003D90D2;
			remoteInfo = KeshavCard;
		};
/* End PBXContainerItemProxy section */

/* Begin PBXFileReference section */
		246350822C512566006221FC /* AppDelegate.swift */ = {isa = PBXFileReference; fileEncoding = 4; lastKnownFileType = sourcecode.swift; path = AppDelegate.swift; sourceTree = "<group>"; };
		246350842C51272B006221FC /* Card.swift */ = {isa = PBXFileReference; lastKnownFileType = sourcecode.swift; path = Card.swift; sourceTree = "<group>"; };
		24BF32322C491E86003D90D2 /* CardWorkout.app */ = {isa = PBXFileReference; explicitFileType = wrapper.application; includeInIndex = 0; path = CardWorkout.app; sourceTree = BUILT_PRODUCTS_DIR; };
		24BF32352C491E86003D90D2 /* AppDelegate.swift */ = {isa = PBXFileReference; lastKnownFileType = sourcecode.swift; path = AppDelegate.swift; sourceTree = "<group>"; };
		24BF32372C491E86003D90D2 /* SceneDelegate.swift */ = {isa = PBXFileReference; lastKnownFileType = sourcecode.swift; path = SceneDelegate.swift; sourceTree = "<group>"; };
		24BF323C2C491E86003D90D2 /* Base */ = {isa = PBXFileReference; lastKnownFileType = file.storyboard; name = Base; path = Base.lproj/Main.storyboard; sourceTree = "<group>"; };
		24BF323E2C491E86003D90D2 /* Assets.xcassets */ = {isa = PBXFileReference; lastKnownFileType = folder.assetcatalog; path = Assets.xcassets; sourceTree = "<group>"; };
		24BF32412C491E86003D90D2 /* Base */ = {isa = PBXFileReference; lastKnownFileType = file.storyboard; name = Base; path = Base.lproj/LaunchScreen.storyboard; sourceTree = "<group>"; };
		24BF32432C491E86003D90D2 /* Info.plist */ = {isa = PBXFileReference; lastKnownFileType = text.plist.xml; path = Info.plist; sourceTree = "<group>"; };
		24BF32482C491E87003D90D2 /* CardWorkoutTests.xctest */ = {isa = PBXFileReference; explicitFileType = wrapper.cfbundle; includeInIndex = 0; path = CardWorkoutTests.xctest; sourceTree = BUILT_PRODUCTS_DIR; };
		24BF32522C491E87003D90D2 /* CardWorkoutUITests.xctest */ = {isa = PBXFileReference; explicitFileType = wrapper.cfbundle; includeInIndex = 0; path = CardWorkoutUITests.xctest; sourceTree = BUILT_PRODUCTS_DIR; };
		24BF32672C491EF1003D90D2 /* CardSelectionVC.swift */ = {isa = PBXFileReference; lastKnownFileType = sourcecode.swift; path = CardSelectionVC.swift; sourceTree = "<group>"; };
/* End PBXFileReference section */

/* Begin PBXFrameworksBuildPhase section */
		24BF322F2C491E86003D90D2 /* Frameworks */ = {
			isa = PBXFrameworksBuildPhase;
			buildActionMask = 2147483647;
			files = (
			);
			runOnlyForDeploymentPostprocessing = 0;
		};
		24BF32452C491E87003D90D2 /* Frameworks */ = {
			isa = PBXFrameworksBuildPhase;
			buildActionMask = 2147483647;
			files = (
			);
			runOnlyForDeploymentPostprocessing = 0;
		};
		24BF324F2C491E87003D90D2 /* Frameworks */ = {
			isa = PBXFrameworksBuildPhase;
			buildActionMask = 2147483647;
			files = (
			);
			runOnlyForDeploymentPostprocessing = 0;
		};
/* End PBXFrameworksBuildPhase section */

/* Begin PBXGroup section */
		24BF32292C491E86003D90D2 = {
			isa = PBXGroup;
			children = (
				24BF32342C491E86003D90D2 /* CardWorkout */,
				24BF32332C491E86003D90D2 /* Products */,
			);
			sourceTree = "<group>";
		};
		24BF32332C491E86003D90D2 /* Products */ = {
			isa = PBXGroup;
			children = (
				24BF32322C491E86003D90D2 /* CardWorkout.app */,
				24BF32482C491E87003D90D2 /* CardWorkoutTests.xctest */,
				24BF32522C491E87003D90D2 /* CardWorkoutUITests.xctest */,
			);
			name = Products;
			sourceTree = "<group>";
		};
		24BF32342C491E86003D90D2 /* CardWorkout */ = {
			isa = PBXGroup;
			children = (
				24BF32352C491E86003D90D2 /* AppDelegate.swift */,
				246350822C512566006221FC /* AppDelegate.swift */,
				24BF32372C491E86003D90D2 /* SceneDelegate.swift */,
				24BF323B2C491E86003D90D2 /* Main.storyboard */,
				246350842C51272B006221FC /* Card.swift */,
				24BF32672C491EF1003D90D2 /* CardSelectionVC.swift */,
				24BF323E2C491E86003D90D2 /* Assets.xcassets */,
				24BF32402C491E86003D90D2 /* LaunchScreen.storyboard */,
				24BF32432C491E86003D90D2 /* Info.plist */,
			);
			path = CardWorkout;
			sourceTree = "<group>";
		};
/* End PBXGroup section */

/* Begin PBXNativeTarget section */
		24BF32312C491E86003D90D2 /* CardWorkout */ = {
			isa = PBXNativeTarget;
			buildConfigurationList = 24BF325C2C491E87003D90D2 /* Build configuration list for PBXNativeTarget "CardWorkout" */;
			buildPhases = (
				24BF322E2C491E86003D90D2 /* Sources */,
				24BF322F2C491E86003D90D2 /* Frameworks */,
				24BF32302C491E86003D90D2 /* Resources */,
			);
			buildRules = (
			);
			dependencies = (
			);
			name = CardWorkout;
			productName = KeshavCard;
			productReference = 24BF32322C491E86003D90D2 /* CardWorkout.app */;
			productType = "com.apple.product-type.application";
		};
		24BF32472C491E87003D90D2 /* CardWorkoutTests */ = {
			isa = PBXNativeTarget;
			buildConfigurationList = 24BF325F2C491E87003D90D2 /* Build configuration list for PBXNativeTarget "CardWorkoutTests" */;
			buildPhases = (
				24BF32442C491E87003D90D2 /* Sources */,
				24BF32452C491E87003D90D2 /* Frameworks */,
				24BF32462C491E87003D90D2 /* Resources */,
			);
			buildRules = (
			);
			dependencies = (
				24BF324A2C491E87003D90D2 /* PBXTargetDependency */,
			);
			name = CardWorkoutTests;
			productName = KeshavCardTests;
			productReference = 24BF32482C491E87003D90D2 /* CardWorkoutTests.xctest */;
			productType = "com.apple.product-type.bundle.unit-test";
		};
		24BF32512C491E87003D90D2 /* CardWorkoutUITests */ = {
			isa = PBXNativeTarget;
			buildConfigurationList = 24BF32622C491E87003D90D2 /* Build configuration list for PBXNativeTarget "CardWorkoutUITests" */;
			buildPhases = (
				24BF324E2C491E87003D90D2 /* Sources */,
				24BF324F2C491E87003D90D2 /* Frameworks */,
				24BF32502C491E87003D90D2 /* Resources */,
			);
			buildRules = (
			);
			dependencies = (
				24BF32542C491E87003D90D2 /* PBXTargetDependency */,
			);
			name = CardWorkoutUITests;
			productName = KeshavCardUITests;
			productReference = 24BF32522C491E87003D90D2 /* CardWorkoutUITests.xctest */;
			productType = "com.apple.product-type.bundle.ui-testing";
		};
/* End PBXNativeTarget section */

/* Begin PBXProject section */
		24BF322A2C491E86003D90D2 /* Project object */ = {
			isa = PBXProject;
			attributes = {
				BuildIndependentTargetsInParallel = 1;
				LastSwiftUpdateCheck = 1540;
				LastUpgradeCheck = 1540;
				TargetAttributes = {
					24BF32312C491E86003D90D2 = {
						CreatedOnToolsVersion = 15.4;
					};
					24BF32472C491E87003D90D2 = {
						CreatedOnToolsVersion = 15.4;
						TestTargetID = 24BF32312C491E86003D90D2;
					};
					24BF32512C491E87003D90D2 = {
						CreatedOnToolsVersion = 15.4;
						TestTargetID = 24BF32312C491E86003D90D2;
					};
				};
			};
			buildConfigurationList = 24BF322D2C491E86003D90D2 /* Build configuration list for PBXProject "CardWorkout" */;
			compatibilityVersion = "Xcode 14.0";
			developmentRegion = en;
			hasScannedForEncodings = 0;
			knownRegions = (
				en,
				Base,
			);
			mainGroup = 24BF32292C491E86003D90D2;
			productRefGroup = 24BF32332C491E86003D90D2 /* Products */;
			projectDirPath = "";
			projectRoot = "";
			targets = (
				24BF32312C491E86003D90D2 /* CardWorkout */,
				24BF32472C491E87003D90D2 /* CardWorkoutTests */,
				24BF32512C491E87003D90D2 /* CardWorkoutUITests */,
			);
		};
/* End PBXProject section */

/* Begin PBXResourcesBuildPhase section */
		24BF32302C491E86003D90D2 /* Resources */ = {
			isa = PBXResourcesBuildPhase;
			buildActionMask = 2147483647;
			files = (
				24BF323F2C491E86003D90D2 /* Assets.xcassets in Resources */,
				24BF32422C491E86003D90D2 /* Base in Resources */,
				24BF323D2C491E86003D90D2 /* Base in Resources */,
			);
			runOnlyForDeploymentPostprocessing = 0;
		};
		24BF32462C491E87003D90D2 /* Resources */ = {
			isa = PBXResourcesBuildPhase;
			buildActionMask = 2147483647;
			files = (
			);
			runOnlyForDeploymentPostprocessing = 0;
		};
		24BF32502C491E87003D90D2 /* Resources */ = {
			isa = PBXResourcesBuildPhase;
			buildActionMask = 2147483647;
			files = (
			);
			runOnlyForDeploymentPostprocessing = 0;
		};
/* End PBXResourcesBuildPhase section */

/* Begin PBXSourcesBuildPhase section */
		24BF322E2C491E86003D90D2 /* Sources */ = {
			isa = PBXSourcesBuildPhase;
			buildActionMask = 2147483647;
			files = (
				246350832C512566006221FC /* AppDelegate.swift in Sources */,
				24BF32362C491E86003D90D2 /* AppDelegate.swift in Sources */,
				246350852C51272B006221FC /* Card.swift in Sources */,
				24BF32382C491E86003D90D2 /* SceneDelegate.swift in Sources */,
				24BF32682C491EF1003D90D2 /* CardSelectionVC.swift in Sources */,
			);
			runOnlyForDeploymentPostprocessing = 0;
		};
		24BF32442C491E87003D90D2 /* Sources */ = {
			isa = PBXSourcesBuildPhase;
			buildActionMask = 2147483647;
			files = (
			);
			runOnlyForDeploymentPostprocessing = 0;
		};
		24BF324E2C491E87003D90D2 /* Sources */ = {
			isa = PBXSourcesBuildPhase;
			buildActionMask = 2147483647;
			files = (
			);
			runOnlyForDeploymentPostprocessing = 0;
		};
/* End PBXSourcesBuildPhase section */

/* Begin PBXTargetDependency section */
		24BF324A2C491E87003D90D2 /* PBXTargetDependency */ = {
			isa = PBXTargetDependency;
			target = 24BF32312C491E86003D90D2 /* CardWorkout */;
			targetProxy = 24BF32492C491E87003D90D2 /* PBXContainerItemProxy */;
		};
		24BF32542C491E87003D90D2 /* PBXTargetDependency */ = {
			isa = PBXTargetDependency;
			target = 24BF32312C491E86003D90D2 /* CardWorkout */;
			targetProxy = 24BF32532C491E87003D90D2 /* PBXContainerItemProxy */;
		};
/* End PBXTargetDependency section */

/* Begin PBXVariantGroup section */
		24BF323B2C491E86003D90D2 /* Main.storyboard */ = {
			isa = PBXVariantGroup;
			children = (
				24BF323C2C491E86003D90D2 /* Base */,
			);
			name = Main.storyboard;
			sourceTree = "<group>";
		};
		24BF32402C491E86003D90D2 /* LaunchScreen.storyboard */ = {
			isa = PBXVariantGroup;
			children = (
				24BF32412C491E86003D90D2 /* Base */,
			);
			name = LaunchScreen.storyboard;
			sourceTree = "<group>";
		};
/* End PBXVariantGroup section */

/* Begin XCBuildConfiguration section */
		24BF325A2C491E87003D90D2 /* Debug */ = {
			isa = XCBuildConfiguration;
			buildSettings = {
				ALWAYS_SEARCH_USER_PATHS = NO;
				ASSETCATALOG_COMPILER_GENERATE_SWIFT_ASSET_SYMBOL_EXTENSIONS = YES;
				CLANG_ANALYZER_NONNULL = YES;
				CLANG_ANALYZER_NUMBER_OBJECT_CONVERSION = YES_AGGRESSIVE;
				CLANG_CXX_LANGUAGE_STANDARD = "gnu++20";
				CLANG_ENABLE_MODULES = YES;
				CLANG_ENABLE_OBJC_ARC = YES;
				CLANG_ENABLE_OBJC_WEAK = YES;
				CLANG_WARN_BLOCK_CAPTURE_AUTORELEASING = YES;
				CLANG_WARN_BOOL_CONVERSION = YES;
				CLANG_WARN_COMMA = YES;
				CLANG_WARN_CONSTANT_CONVERSION = YES;
				CLANG_WARN_DEPRECATED_OBJC_IMPLEMENTATIONS = YES;
				CLANG_WARN_DIRECT_OBJC_ISA_USAGE = YES_ERROR;
				CLANG_WARN_DOCUMENTATION_COMMENTS = YES;
				CLANG_WARN_EMPTY_BODY = YES;
				CLANG_WARN_ENUM_CONVERSION = YES;
				CLANG_WARN_INFINITE_RECURSION = YES;
				CLANG_WARN_INT_CONVERSION = YES;
				CLANG_WARN_NON_LITERAL_NULL_CONVERSION = YES;
				CLANG_WARN_OBJC_IMPLICIT_RETAIN_SELF = YES;
				CLANG_WARN_OBJC_LITERAL_CONVERSION = YES;
				CLANG_WARN_OBJC_ROOT_CLASS = YES_ERROR;
				CLANG_WARN_QUOTED_INCLUDE_IN_FRAMEWORK_HEADER = YES;
				CLANG_WARN_RANGE_LOOP_ANALYSIS = YES;
				CLANG_WARN_STRICT_PROTOTYPES = YES;
				CLANG_WARN_SUSPICIOUS_MOVE = YES;
				CLANG_WARN_UNGUARDED_AVAILABILITY = YES_AGGRESSIVE;
				CLANG_WARN_UNREACHABLE_CODE = YES;
				CLANG_WARN__DUPLICATE_METHOD_MATCH = YES;
				COPY_PHASE_STRIP = NO;
				DEBUG_INFORMATION_FORMAT = dwarf;
				ENABLE_STRICT_OBJC_MSGSEND = YES;
				ENABLE_TESTABILITY = YES;
				ENABLE_USER_SCRIPT_SANDBOXING = YES;
				GCC_C_LANGUAGE_STANDARD = gnu17;
				GCC_DYNAMIC_NO_PIC = NO;
				GCC_NO_COMMON_BLOCKS = YES;
				GCC_OPTIMIZATION_LEVEL = 0;
				GCC_PREPROCESSOR_DEFINITIONS = (
					"DEBUG=1",
					"$(inherited)",
				);
				GCC_WARN_64_TO_32_BIT_CONVERSION = YES;
				GCC_WARN_ABOUT_RETURN_TYPE = YES_ERROR;
				GCC_WARN_UNDECLARED_SELECTOR = YES;
				GCC_WARN_UNINITIALIZED_AUTOS = YES_AGGRESSIVE;
				GCC_WARN_UNUSED_FUNCTION = YES;
				GCC_WARN_UNUSED_VARIABLE = YES;
				IPHONEOS_DEPLOYMENT_TARGET = 17.5;
				LOCALIZATION_PREFERS_STRING_CATALOGS = YES;
				MTL_ENABLE_DEBUG_INFO = INCLUDE_SOURCE;
				MTL_FAST_MATH = YES;
				ONLY_ACTIVE_ARCH = YES;
				SDKROOT = iphoneos;
				SWIFT_ACTIVE_COMPILATION_CONDITIONS = "DEBUG $(inherited)";
				SWIFT_OPTIMIZATION_LEVEL = "-Onone";
			};
			name = Debug;
		};
		24BF325B2C491E87003D90D2 /* Release */ = {
			isa = XCBuildConfiguration;
			buildSettings = {
				ALWAYS_SEARCH_USER_PATHS = NO;
				ASSETCATALOG_COMPILER_GENERATE_SWIFT_ASSET_SYMBOL_EXTENSIONS = YES;
				CLANG_ANALYZER_NONNULL = YES;
				CLANG_ANALYZER_NUMBER_OBJECT_CONVERSION = YES_AGGRESSIVE;
				CLANG_CXX_LANGUAGE_STANDARD = "gnu++20";
				CLANG_ENABLE_MODULES = YES;
				CLANG_ENABLE_OBJC_ARC = YES;
				CLANG_ENABLE_OBJC_WEAK = YES;
				CLANG_WARN_BLOCK_CAPTURE_AUTORELEASING = YES;
				CLANG_WARN_BOOL_CONVERSION = YES;
				CLANG_WARN_COMMA = YES;
				CLANG_WARN_CONSTANT_CONVERSION = YES;
				CLANG_WARN_DEPRECATED_OBJC_IMPLEMENTATIONS = YES;
				CLANG_WARN_DIRECT_OBJC_ISA_USAGE = YES_ERROR;
				CLANG_WARN_DOCUMENTATION_COMMENTS = YES;
				CLANG_WARN_EMPTY_BODY = YES;
				CLANG_WARN_ENUM_CONVERSION = YES;
				CLANG_WARN_INFINITE_RECURSION = YES;
				CLANG_WARN_INT_CONVERSION = YES;
				CLANG_WARN_NON_LITERAL_NULL_CONVERSION = YES;
				CLANG_WARN_OBJC_IMPLICIT_RETAIN_SELF = YES;
				CLANG_WARN_OBJC_LITERAL_CONVERSION = YES;
				CLANG_WARN_OBJC_ROOT_CLASS = YES_ERROR;
				CLANG_WARN_QUOTED_INCLUDE_IN_FRAMEWORK_HEADER = YES;
				CLANG_WARN_RANGE_LOOP_ANALYSIS = YES;
				CLANG_WARN_STRICT_PROTOTYPES = YES;
				CLANG_WARN_SUSPICIOUS_MOVE = YES;
				CLANG_WARN_UNGUARDED_AVAILABILITY = YES_AGGRESSIVE;
				CLANG_WARN_UNREACHABLE_CODE = YES;
				CLANG_WARN__DUPLICATE_METHOD_MATCH = YES;
				COPY_PHASE_STRIP = NO;
				DEBUG_INFORMATION_FORMAT = "dwarf-with-dsym";
				ENABLE_NS_ASSERTIONS = NO;
				ENABLE_STRICT_OBJC_MSGSEND = YES;
				ENABLE_USER_SCRIPT_SANDBOXING = YES;
				GCC_C_LANGUAGE_STANDARD = gnu17;
				GCC_NO_COMMON_BLOCKS = YES;
				GCC_WARN_64_TO_32_BIT_CONVERSION = YES;
				GCC_WARN_ABOUT_RETURN_TYPE = YES_ERROR;
				GCC_WARN_UNDECLARED_SELECTOR = YES;
				GCC_WARN_UNINITIALIZED_AUTOS = YES_AGGRESSIVE;
				GCC_WARN_UNUSED_FUNCTION = YES;
				GCC_WARN_UNUSED_VARIABLE = YES;
				IPHONEOS_DEPLOYMENT_TARGET = 17.5;
				LOCALIZATION_PREFERS_STRING_CATALOGS = YES;
				MTL_ENABLE_DEBUG_INFO = NO;
				MTL_FAST_MATH = YES;
				SDKROOT = iphoneos;
				SWIFT_COMPILATION_MODE = wholemodule;
				VALIDATE_PRODUCT = YES;
			};
			name = Release;
		};
		24BF325D2C491E87003D90D2 /* Debug */ = {
			isa = XCBuildConfiguration;
			buildSettings = {
				ASSETCATALOG_COMPILER_APPICON_NAME = AppIcon;
				ASSETCATALOG_COMPILER_GLOBAL_ACCENT_COLOR_NAME = AccentColor;
				CODE_SIGN_STYLE = Automatic;
				CURRENT_PROJECT_VERSION = 1;
				GENERATE_INFOPLIST_FILE = YES;
				INFOPLIST_FILE = KeshavCard/Info.plist;
				INFOPLIST_KEY_UIApplicationSupportsIndirectInputEvents = YES;
				INFOPLIST_KEY_UILaunchStoryboardName = LaunchScreen;
				INFOPLIST_KEY_UIMainStoryboardFile = Main;
				INFOPLIST_KEY_UISupportedInterfaceOrientations_iPad = "UIInterfaceOrientationPortrait UIInterfaceOrientationPortraitUpsideDown UIInterfaceOrientationLandscapeLeft UIInterfaceOrientationLandscapeRight";
				INFOPLIST_KEY_UISupportedInterfaceOrientations_iPhone = "UIInterfaceOrientationPortrait UIInterfaceOrientationLandscapeLeft UIInterfaceOrientationLandscapeRight";
				LD_RUNPATH_SEARCH_PATHS = (
					"$(inherited)",
					"@executable_path/Frameworks",
				);
				MARKETING_VERSION = 1.0;
				PRODUCT_BUNDLE_IDENTIFIER = com.cringiweb.KeshavCard;
				PRODUCT_NAME = "$(TARGET_NAME)";
				SWIFT_EMIT_LOC_STRINGS = YES;
				SWIFT_VERSION = 5.0;
				TARGETED_DEVICE_FAMILY = "1,2";
			};
			name = Debug;
		};
		24BF325E2C491E87003D90D2 /* Release */ = {
			isa = XCBuildConfiguration;
			buildSettings = {
				ASSETCATALOG_COMPILER_APPICON_NAME = AppIcon;
				ASSETCATALOG_COMPILER_GLOBAL_ACCENT_COLOR_NAME = AccentColor;
				CODE_SIGN_STYLE = Automatic;
				CURRENT_PROJECT_VERSION = 1;
				GENERATE_INFOPLIST_FILE = YES;
				INFOPLIST_FILE = KeshavCard/Info.plist;
				INFOPLIST_KEY_UIApplicationSupportsIndirectInputEvents = YES;
				INFOPLIST_KEY_UILaunchStoryboardName = LaunchScreen;
				INFOPLIST_KEY_UIMainStoryboardFile = Main;
				INFOPLIST_KEY_UISupportedInterfaceOrientations_iPad = "UIInterfaceOrientationPortrait UIInterfaceOrientationPortraitUpsideDown UIInterfaceOrientationLandscapeLeft UIInterfaceOrientationLandscapeRight";
				INFOPLIST_KEY_UISupportedInterfaceOrientations_iPhone = "UIInterfaceOrientationPortrait UIInterfaceOrientationLandscapeLeft UIInterfaceOrientationLandscapeRight";
				LD_RUNPATH_SEARCH_PATHS = (
					"$(inherited)",
					"@executable_path/Frameworks",
				);
				MARKETING_VERSION = 1.0;
				PRODUCT_BUNDLE_IDENTIFIER = com.cringiweb.KeshavCard;
				PRODUCT_NAME = "$(TARGET_NAME)";
				SWIFT_EMIT_LOC_STRINGS = YES;
				SWIFT_VERSION = 5.0;
				TARGETED_DEVICE_FAMILY = "1,2";
			};
			name = Release;
		};
		24BF32602C491E87003D90D2 /* Debug */ = {
			isa = XCBuildConfiguration;
			buildSettings = {
				ALWAYS_EMBED_SWIFT_STANDARD_LIBRARIES = YES;
				BUNDLE_LOADER = "$(TEST_HOST)";
				CODE_SIGN_STYLE = Automatic;
				CURRENT_PROJECT_VERSION = 1;
				GENERATE_INFOPLIST_FILE = YES;
				IPHONEOS_DEPLOYMENT_TARGET = 17.5;
				MARKETING_VERSION = 1.0;
				PRODUCT_BUNDLE_IDENTIFIER = com.cringiweb.KeshavCardTests;
				PRODUCT_NAME = "$(TARGET_NAME)";
				SWIFT_EMIT_LOC_STRINGS = NO;
				SWIFT_VERSION = 5.0;
				TARGETED_DEVICE_FAMILY = "1,2";
				TEST_HOST = "$(BUILT_PRODUCTS_DIR)/KeshavCard.app/$(BUNDLE_EXECUTABLE_FOLDER_PATH)/KeshavCard";
			};
			name = Debug;
		};
		24BF32612C491E87003D90D2 /* Release */ = {
			isa = XCBuildConfiguration;
			buildSettings = {
				ALWAYS_EMBED_SWIFT_STANDARD_LIBRARIES = YES;
				BUNDLE_LOADER = "$(TEST_HOST)";
				CODE_SIGN_STYLE = Automatic;
				CURRENT_PROJECT_VERSION = 1;
				GENERATE_INFOPLIST_FILE = YES;
				IPHONEOS_DEPLOYMENT_TARGET = 17.5;
				MARKETING_VERSION = 1.0;
				PRODUCT_BUNDLE_IDENTIFIER = com.cringiweb.KeshavCardTests;
				PRODUCT_NAME = "$(TARGET_NAME)";
				SWIFT_EMIT_LOC_STRINGS = NO;
				SWIFT_VERSION = 5.0;
				TARGETED_DEVICE_FAMILY = "1,2";
				TEST_HOST = "$(BUILT_PRODUCTS_DIR)/KeshavCard.app/$(BUNDLE_EXECUTABLE_FOLDER_PATH)/KeshavCard";
			};
			name = Release;
		};
		24BF32632C491E87003D90D2 /* Debug */ = {
			isa = XCBuildConfiguration;
			buildSettings = {
				ALWAYS_EMBED_SWIFT_STANDARD_LIBRARIES = YES;
				CODE_SIGN_STYLE = Automatic;
				CURRENT_PROJECT_VERSION = 1;
				GENERATE_INFOPLIST_FILE = YES;
				MARKETING_VERSION = 1.0;
				PRODUCT_BUNDLE_IDENTIFIER = com.cringiweb.KeshavCardUITests;
				PRODUCT_NAME = "$(TARGET_NAME)";
				SWIFT_EMIT_LOC_STRINGS = NO;
				SWIFT_VERSION = 5.0;
				TARGETED_DEVICE_FAMILY = "1,2";
				TEST_TARGET_NAME = KeshavCard;
			};
			name = Debug;
		};
		24BF32642C491E87003D90D2 /* Release */ = {
			isa = XCBuildConfiguration;
			buildSettings = {
				ALWAYS_EMBED_SWIFT_STANDARD_LIBRARIES = YES;
				CODE_SIGN_STYLE = Automatic;
				CURRENT_PROJECT_VERSION = 1;
				GENERATE_INFOPLIST_FILE = YES;
				MARKETING_VERSION = 1.0;
				PRODUCT_BUNDLE_IDENTIFIER = com.cringiweb.KeshavCardUITests;
				PRODUCT_NAME = "$(TARGET_NAME)";
				SWIFT_EMIT_LOC_STRINGS = NO;
				SWIFT_VERSION = 5.0;
				TARGETED_DEVICE_FAMILY = "1,2";
				TEST_TARGET_NAME = KeshavCard;
			};
			name = Release;
		};
/* End XCBuildConfiguration section */

/* Begin XCConfigurationList section */
		24BF322D2C491E86003D90D2 /* Build configuration list for PBXProject "CardWorkout" */ = {
			isa = XCConfigurationList;
			buildConfigurations = (
				24BF325A2C491E87003D90D2 /* Debug */,
				24BF325B2C491E87003D90D2 /* Release */,
			);
			defaultConfigurationIsVisible = 0;
			defaultConfigurationName = Release;
		};
		24BF325C2C491E87003D90D2 /* Build configuration list for PBXNativeTarget "CardWorkout" */ = {
			isa = XCConfigurationList;
			buildConfigurations = (
				24BF325D2C491E87003D90D2 /* Debug */,
				24BF325E2C491E87003D90D2 /* Release */,
			);
			defaultConfigurationIsVisible = 0;
			defaultConfigurationName = Release;
		};
		24BF325F2C491E87003D90D2 /* Build configuration list for PBXNativeTarget "CardWorkoutTests" */ = {
			isa = XCConfigurationList;
			buildConfigurations = (
				24BF32602C491E87003D90D2 /* Debug */,
				24BF32612C491E87003D90D2 /* Release */,
			);
			defaultConfigurationIsVisible = 0;
			defaultConfigurationName = Release;
		};
		24BF32622C491E87003D90D2 /* Build configuration list for PBXNativeTarget "CardWorkoutUITests" */ = {
			isa = XCConfigurationList;
			buildConfigurations = (
				24BF32632C491E87003D90D2 /* Debug */,
				24BF32642C491E87003D90D2 /* Release */,
			);
			defaultConfigurationIsVisible = 0;
			defaultConfigurationName = Release;
		};
/* End XCConfigurationList section */
	};
	rootObject = 24BF322A2C491E86003D90D2 /* Project object */;
}
